// !$*UTF8*$!
{
	archiveVersion = 1;
	classes = {
	};
	objectVersion = 46;
	objects = {

/* Begin PBXBuildFile section */
		3F4547E0188F4EBD00CB401E /* Foundation.framework in Frameworks */ = {isa = PBXBuildFile; fileRef = 3F4547DF188F4EBD00CB401E /* Foundation.framework */; };
		3F4547E2188F4EBD00CB401E /* CoreGraphics.framework in Frameworks */ = {isa = PBXBuildFile; fileRef = 3F4547E1188F4EBD00CB401E /* CoreGraphics.framework */; };
		3F4547E4188F4EBD00CB401E /* UIKit.framework in Frameworks */ = {isa = PBXBuildFile; fileRef = 3F4547E3188F4EBD00CB401E /* UIKit.framework */; };
		3F4547EA188F4EBD00CB401E /* InfoPlist.strings in Resources */ = {isa = PBXBuildFile; fileRef = 3F4547E8188F4EBD00CB401E /* InfoPlist.strings */; };
		3F4547EC188F4EBD00CB401E /* main.m in Sources */ = {isa = PBXBuildFile; fileRef = 3F4547EB188F4EBD00CB401E /* main.m */; };
		3F4547F0188F4EBD00CB401E /* AppDelegate.m in Sources */ = {isa = PBXBuildFile; fileRef = 3F4547EF188F4EBD00CB401E /* AppDelegate.m */; };
		3F4547F3188F4EBD00CB401E /* Main.storyboard in Resources */ = {isa = PBXBuildFile; fileRef = 3F4547F1188F4EBD00CB401E /* Main.storyboard */; };
		3F4547F6188F4EBD00CB401E /* ViewController.m in Sources */ = {isa = PBXBuildFile; fileRef = 3F4547F5188F4EBD00CB401E /* ViewController.m */; };
		3F4547F8188F4EBD00CB401E /* Images.xcassets in Resources */ = {isa = PBXBuildFile; fileRef = 3F4547F7188F4EBD00CB401E /* Images.xcassets */; };
		3F4547FF188F4EBE00CB401E /* XCTest.framework in Frameworks */ = {isa = PBXBuildFile; fileRef = 3F4547FE188F4EBE00CB401E /* XCTest.framework */; };
		3F454800188F4EBE00CB401E /* Foundation.framework in Frameworks */ = {isa = PBXBuildFile; fileRef = 3F4547DF188F4EBD00CB401E /* Foundation.framework */; };
		3F454801188F4EBE00CB401E /* UIKit.framework in Frameworks */ = {isa = PBXBuildFile; fileRef = 3F4547E3188F4EBD00CB401E /* UIKit.framework */; };
		3F454809188F4EBE00CB401E /* InfoPlist.strings in Resources */ = {isa = PBXBuildFile; fileRef = 3F454807188F4EBE00CB401E /* InfoPlist.strings */; };
		3F45480B188F4EBE00CB401E /* CalculatorTests.m in Sources */ = {isa = PBXBuildFile; fileRef = 3F45480A188F4EBE00CB401E /* CalculatorTests.m */; };
		3F454818188F4F1A00CB401E /* Calculator.m in Sources */ = {isa = PBXBuildFile; fileRef = 3F454815188F4F1A00CB401E /* Calculator.m */; };
		3F454819188F4F1A00CB401E /* Fraction.m in Sources */ = {isa = PBXBuildFile; fileRef = 3F454817188F4F1A00CB401E /* Fraction.m */; };
/* End PBXBuildFile section */

/* Begin PBXContainerItemProxy section */
		3F454802188F4EBE00CB401E /* PBXContainerItemProxy */ = {
			isa = PBXContainerItemProxy;
			containerPortal = 3F4547D4188F4EBD00CB401E /* Project object */;
			proxyType = 1;
			remoteGlobalIDString = 3F4547DB188F4EBD00CB401E;
			remoteInfo = Calculator;
		};
/* End PBXContainerItemProxy section */

/* Begin PBXFileReference section */
		3F4547DC188F4EBD00CB401E /* Calculator.app */ = {isa = PBXFileReference; explicitFileType = wrapper.application; includeInIndex = 0; path = Calculator.app; sourceTree = BUILT_PRODUCTS_DIR; };
		3F4547DF188F4EBD00CB401E /* Foundation.framework */ = {isa = PBXFileReference; lastKnownFileType = wrapper.framework; name = Foundation.framework; path = System/Library/Frameworks/Foundation.framework; sourceTree = SDKROOT; };
		3F4547E1188F4EBD00CB401E /* CoreGraphics.framework */ = {isa = PBXFileReference; lastKnownFileType = wrapper.framework; name = CoreGraphics.framework; path = System/Library/Frameworks/CoreGraphics.framework; sourceTree = SDKROOT; };
		3F4547E3188F4EBD00CB401E /* UIKit.framework */ = {isa = PBXFileReference; lastKnownFileType = wrapper.framework; name = UIKit.framework; path = System/Library/Frameworks/UIKit.framework; sourceTree = SDKROOT; };
		3F4547E7188F4EBD00CB401E /* Calculator-Info.plist */ = {isa = PBXFileReference; lastKnownFileType = text.plist.xml; path = "Calculator-Info.plist"; sourceTree = "<group>"; };
		3F4547E9188F4EBD00CB401E /* en */ = {isa = PBXFileReference; lastKnownFileType = text.plist.strings; name = en; path = en.lproj/InfoPlist.strings; sourceTree = "<group>"; };
		3F4547EB188F4EBD00CB401E /* main.m */ = {isa = PBXFileReference; lastKnownFileType = sourcecode.c.objc; path = main.m; sourceTree = "<group>"; };
		3F4547ED188F4EBD00CB401E /* Calculator-Prefix.pch */ = {isa = PBXFileReference; lastKnownFileType = sourcecode.c.h; path = "Calculator-Prefix.pch"; sourceTree = "<group>"; };
		3F4547EE188F4EBD00CB401E /* AppDelegate.h */ = {isa = PBXFileReference; lastKnownFileType = sourcecode.c.h; path = AppDelegate.h; sourceTree = "<group>"; };
		3F4547EF188F4EBD00CB401E /* AppDelegate.m */ = {isa = PBXFileReference; lastKnownFileType = sourcecode.c.objc; path = AppDelegate.m; sourceTree = "<group>"; };
		3F4547F2188F4EBD00CB401E /* Base */ = {isa = PBXFileReference; lastKnownFileType = file.storyboard; name = Base; path = Base.lproj/Main.storyboard; sourceTree = "<group>"; };
		3F4547F4188F4EBD00CB401E /* ViewController.h */ = {isa = PBXFileReference; lastKnownFileType = sourcecode.c.h; path = ViewController.h; sourceTree = "<group>"; };
		3F4547F5188F4EBD00CB401E /* ViewController.m */ = {isa = PBXFileReference; lastKnownFileType = sourcecode.c.objc; path = ViewController.m; sourceTree = "<group>"; };
		3F4547F7188F4EBD00CB401E /* Images.xcassets */ = {isa = PBXFileReference; lastKnownFileType = folder.assetcatalog; path = Images.xcassets; sourceTree = "<group>"; };
		3F4547FD188F4EBE00CB401E /* CalculatorTests.xctest */ = {isa = PBXFileReference; explicitFileType = wrapper.cfbundle; includeInIndex = 0; path = CalculatorTests.xctest; sourceTree = BUILT_PRODUCTS_DIR; };
		3F4547FE188F4EBE00CB401E /* XCTest.framework */ = {isa = PBXFileReference; lastKnownFileType = wrapper.framework; name = XCTest.framework; path = Library/Frameworks/XCTest.framework; sourceTree = DEVELOPER_DIR; };
		3F454806188F4EBE00CB401E /* CalculatorTests-Info.plist */ = {isa = PBXFileReference; lastKnownFileType = text.plist.xml; path = "CalculatorTests-Info.plist"; sourceTree = "<group>"; };
		3F454808188F4EBE00CB401E /* en */ = {isa = PBXFileReference; lastKnownFileType = text.plist.strings; name = en; path = en.lproj/InfoPlist.strings; sourceTree = "<group>"; };
		3F45480A188F4EBE00CB401E /* CalculatorTests.m */ = {isa = PBXFileReference; lastKnownFileType = sourcecode.c.objc; path = CalculatorTests.m; sourceTree = "<group>"; };
		3F454814188F4F1A00CB401E /* Calculator.h */ = {isa = PBXFileReference; fileEncoding = 4; lastKnownFileType = sourcecode.c.h; path = Calculator.h; sourceTree = "<group>"; };
		3F454815188F4F1A00CB401E /* Calculator.m */ = {isa = PBXFileReference; fileEncoding = 4; lastKnownFileType = sourcecode.c.objc; path = Calculator.m; sourceTree = "<group>"; };
		3F454816188F4F1A00CB401E /* Fraction.h */ = {isa = PBXFileReference; fileEncoding = 4; lastKnownFileType = sourcecode.c.h; path = Fraction.h; sourceTree = "<group>"; };
		3F454817188F4F1A00CB401E /* Fraction.m */ = {isa = PBXFileReference; fileEncoding = 4; lastKnownFileType = sourcecode.c.objc; path = Fraction.m; sourceTree = "<group>"; };
/* End PBXFileReference section */

/* Begin PBXFrameworksBuildPhase section */
		3F4547D9188F4EBD00CB401E /* Frameworks */ = {
			isa = PBXFrameworksBuildPhase;
			buildActionMask = 2147483647;
			files = (
				3F4547E2188F4EBD00CB401E /* CoreGraphics.framework in Frameworks */,
				3F4547E4188F4EBD00CB401E /* UIKit.framework in Frameworks */,
				3F4547E0188F4EBD00CB401E /* Foundation.framework in Frameworks */,
			);
			runOnlyForDeploymentPostprocessing = 0;
		};
		3F4547FA188F4EBE00CB401E /* Frameworks */ = {
			isa = PBXFrameworksBuildPhase;
			buildActionMask = 2147483647;
			files = (
				3F4547FF188F4EBE00CB401E /* XCTest.framework in Frameworks */,
				3F454801188F4EBE00CB401E /* UIKit.framework in Frameworks */,
				3F454800188F4EBE00CB401E /* Foundation.framework in Frameworks */,
			);
			runOnlyForDeploymentPostprocessing = 0;
		};
/* End PBXFrameworksBuildPhase section */

/* Begin PBXGroup section */
		3F4547D3188F4EBD00CB401E = {
			isa = PBXGroup;
			children = (
				3F4547E5188F4EBD00CB401E /* Calculator */,
				3F454804188F4EBE00CB401E /* CalculatorTests */,
				3F4547DE188F4EBD00CB401E /* Frameworks */,
				3F4547DD188F4EBD00CB401E /* Products */,
			);
			sourceTree = "<group>";
		};
		3F4547DD188F4EBD00CB401E /* Products */ = {
			isa = PBXGroup;
			children = (
				3F4547DC188F4EBD00CB401E /* Calculator.app */,
				3F4547FD188F4EBE00CB401E /* CalculatorTests.xctest */,
			);
			name = Products;
			sourceTree = "<group>";
		};
		3F4547DE188F4EBD00CB401E /* Frameworks */ = {
			isa = PBXGroup;
			children = (
				3F4547DF188F4EBD00CB401E /* Foundation.framework */,
				3F4547E1188F4EBD00CB401E /* CoreGraphics.framework */,
				3F4547E3188F4EBD00CB401E /* UIKit.framework */,
				3F4547FE188F4EBE00CB401E /* XCTest.framework */,
			);
			name = Frameworks;
			sourceTree = "<group>";
		};
		3F4547E5188F4EBD00CB401E /* Calculator */ = {
			isa = PBXGroup;
			children = (
				3F454814188F4F1A00CB401E /* Calculator.h */,
				3F454815188F4F1A00CB401E /* Calculator.m */,
				3F454816188F4F1A00CB401E /* Fraction.h */,
				3F454817188F4F1A00CB401E /* Fraction.m */,
				3F4547EE188F4EBD00CB401E /* AppDelegate.h */,
				3F4547EF188F4EBD00CB401E /* AppDelegate.m */,
				3F4547F1188F4EBD00CB401E /* Main.storyboard */,
				3F4547F4188F4EBD00CB401E /* ViewController.h */,
				3F4547F5188F4EBD00CB401E /* ViewController.m */,
				3F4547F7188F4EBD00CB401E /* Images.xcassets */,
				3F4547E6188F4EBD00CB401E /* Supporting Files */,
			);
			path = Calculator;
			sourceTree = "<group>";
		};
		3F4547E6188F4EBD00CB401E /* Supporting Files */ = {
			isa = PBXGroup;
			children = (
				3F4547E7188F4EBD00CB401E /* Calculator-Info.plist */,
				3F4547E8188F4EBD00CB401E /* InfoPlist.strings */,
				3F4547EB188F4EBD00CB401E /* main.m */,
				3F4547ED188F4EBD00CB401E /* Calculator-Prefix.pch */,
			);
			name = "Supporting Files";
			sourceTree = "<group>";
		};
		3F454804188F4EBE00CB401E /* CalculatorTests */ = {
			isa = PBXGroup;
			children = (
				3F45480A188F4EBE00CB401E /* CalculatorTests.m */,
				3F454805188F4EBE00CB401E /* Supporting Files */,
			);
			path = CalculatorTests;
			sourceTree = "<group>";
		};
		3F454805188F4EBE00CB401E /* Supporting Files */ = {
			isa = PBXGroup;
			children = (
				3F454806188F4EBE00CB401E /* CalculatorTests-Info.plist */,
				3F454807188F4EBE00CB401E /* InfoPlist.strings */,
			);
			name = "Supporting Files";
			sourceTree = "<group>";
		};
/* End PBXGroup section */

/* Begin PBXNativeTarget section */
		3F4547DB188F4EBD00CB401E /* Calculator */ = {
			isa = PBXNativeTarget;
			buildConfigurationList = 3F45480E188F4EBE00CB401E /* Build configuration list for PBXNativeTarget "Calculator" */;
			buildPhases = (
				3F4547D8188F4EBD00CB401E /* Sources */,
				3F4547D9188F4EBD00CB401E /* Frameworks */,
				3F4547DA188F4EBD00CB401E /* Resources */,
			);
			buildRules = (
			);
			dependencies = (
			);
			name = Calculator;
			productName = Calculator;
			productReference = 3F4547DC188F4EBD00CB401E /* Calculator.app */;
			productType = "com.apple.product-type.application";
		};
		3F4547FC188F4EBE00CB401E /* CalculatorTests */ = {
			isa = PBXNativeTarget;
			buildConfigurationList = 3F454811188F4EBE00CB401E /* Build configuration list for PBXNativeTarget "CalculatorTests" */;
			buildPhases = (
				3F4547F9188F4EBE00CB401E /* Sources */,
				3F4547FA188F4EBE00CB401E /* Frameworks */,
				3F4547FB188F4EBE00CB401E /* Resources */,
			);
			buildRules = (
			);
			dependencies = (
				3F454803188F4EBE00CB401E /* PBXTargetDependency */,
			);
			name = CalculatorTests;
			productName = CalculatorTests;
			productReference = 3F4547FD188F4EBE00CB401E /* CalculatorTests.xctest */;
			productType = "com.apple.product-type.bundle.unit-test";
		};
/* End PBXNativeTarget section */

/* Begin PBXProject section */
		3F4547D4188F4EBD00CB401E /* Project object */ = {
			isa = PBXProject;
			attributes = {
				LastUpgradeCheck = 0500;
				ORGANIZATIONNAME = "Sahat Yalkabov";
				TargetAttributes = {
					3F4547FC188F4EBE00CB401E = {
						TestTargetID = 3F4547DB188F4EBD00CB401E;
					};
				};
			};
			buildConfigurationList = 3F4547D7188F4EBD00CB401E /* Build configuration list for PBXProject "Calculator" */;
			compatibilityVersion = "Xcode 3.2";
			developmentRegion = English;
			hasScannedForEncodings = 0;
			knownRegions = (
				en,
				Base,
			);
			mainGroup = 3F4547D3188F4EBD00CB401E;
			productRefGroup = 3F4547DD188F4EBD00CB401E /* Products */;
			projectDirPath = "";
			projectRoot = "";
			targets = (
				3F4547DB188F4EBD00CB401E /* Calculator */,
				3F4547FC188F4EBE00CB401E /* CalculatorTests */,
			);
		};
/* End PBXProject section */

/* Begin PBXResourcesBuildPhase section */
		3F4547DA188F4EBD00CB401E /* Resources */ = {
			isa = PBXResourcesBuildPhase;
			buildActionMask = 2147483647;
			files = (
				3F4547F8188F4EBD00CB401E /* Images.xcassets in Resources */,
				3F4547EA188F4EBD00CB401E /* InfoPlist.strings in Resources */,
				3F4547F3188F4EBD00CB401E /* Main.storyboard in Resources */,
			);
			runOnlyForDeploymentPostprocessing = 0;
		};
		3F4547FB188F4EBE00CB401E /* Resources */ = {
			isa = PBXResourcesBuildPhase;
			buildActionMask = 2147483647;
			files = (
				3F454809188F4EBE00CB401E /* InfoPlist.strings in Resources */,
			);
			runOnlyForDeploymentPostprocessing = 0;
		};
/* End PBXResourcesBuildPhase section */

/* Begin PBXSourcesBuildPhase section */
		3F4547D8188F4EBD00CB401E /* Sources */ = {
			isa = PBXSourcesBuildPhase;
			buildActionMask = 2147483647;
			files = (
				3F4547F6188F4EBD00CB401E /* ViewController.m in Sources */,
				3F454818188F4F1A00CB401E /* Calculator.m in Sources */,
				3F4547F0188F4EBD00CB401E /* AppDelegate.m in Sources */,
				3F4547EC188F4EBD00CB401E /* main.m in Sources */,
				3F454819188F4F1A00CB401E /* Fraction.m in Sources */,
			);
			runOnlyForDeploymentPostprocessing = 0;
		};
		3F4547F9188F4EBE00CB401E /* Sources */ = {
			isa = PBXSourcesBuildPhase;
			buildActionMask = 2147483647;
			files = (
				3F45480B188F4EBE00CB401E /* CalculatorTests.m in Sources */,
			);
			runOnlyForDeploymentPostprocessing = 0;
		};
/* End PBXSourcesBuildPhase section */

/* Begin PBXTargetDependency section */
		3F454803188F4EBE00CB401E /* PBXTargetDependency */ = {
			isa = PBXTargetDependency;
			target = 3F4547DB188F4EBD00CB401E /* Calculator */;
			targetProxy = 3F454802188F4EBE00CB401E /* PBXContainerItemProxy */;
		};
/* End PBXTargetDependency section */

/* Begin PBXVariantGroup section */
		3F4547E8188F4EBD00CB401E /* InfoPlist.strings */ = {
			isa = PBXVariantGroup;
			children = (
				3F4547E9188F4EBD00CB401E /* en */,
			);
			name = InfoPlist.strings;
			sourceTree = "<group>";
		};
		3F4547F1188F4EBD00CB401E /* Main.storyboard */ = {
			isa = PBXVariantGroup;
			children = (
				3F4547F2188F4EBD00CB401E /* Base */,
			);
			name = Main.storyboard;
			sourceTree = "<group>";
		};
		3F454807188F4EBE00CB401E /* InfoPlist.strings */ = {
			isa = PBXVariantGroup;
			children = (
				3F454808188F4EBE00CB401E /* en */,
			);
			name = InfoPlist.strings;
			sourceTree = "<group>";
		};
/* End PBXVariantGroup section */

/* Begin XCBuildConfiguration section */
		3F45480C188F4EBE00CB401E /* Debug */ = {
			isa = XCBuildConfiguration;
			buildSettings = {
				ALWAYS_SEARCH_USER_PATHS = NO;
				ARCHS = "$(ARCHS_STANDARD_INCLUDING_64_BIT)";
				CLANG_CXX_LANGUAGE_STANDARD = "gnu++0x";
				CLANG_CXX_LIBRARY = "libc++";
				CLANG_ENABLE_MODULES = YES;
				CLANG_ENABLE_OBJC_ARC = YES;
				CLANG_WARN_BOOL_CONVERSION = YES;
				CLANG_WARN_CONSTANT_CONVERSION = YES;
				CLANG_WARN_DIRECT_OBJC_ISA_USAGE = YES_ERROR;
				CLANG_WARN_EMPTY_BODY = YES;
				CLANG_WARN_ENUM_CONVERSION = YES;
				CLANG_WARN_INT_CONVERSION = YES;
				CLANG_WARN_OBJC_ROOT_CLASS = YES_ERROR;
				CLANG_WARN__DUPLICATE_METHOD_MATCH = YES;
				"CODE_SIGN_IDENTITY[sdk=iphoneos*]" = "iPhone Developer";
				COPY_PHASE_STRIP = NO;
				GCC_C_LANGUAGE_STANDARD = gnu99;
				GCC_DYNAMIC_NO_PIC = NO;
				GCC_OPTIMIZATION_LEVEL = 0;
				GCC_PREPROCESSOR_DEFINITIONS = (
					"DEBUG=1",
					"$(inherited)",
				);
				GCC_SYMBOLS_PRIVATE_EXTERN = NO;
				GCC_WARN_64_TO_32_BIT_CONVERSION = YES;
				GCC_WARN_ABOUT_RETURN_TYPE = YES_ERROR;
				GCC_WARN_UNDECLARED_SELECTOR = YES;
				GCC_WARN_UNINITIALIZED_AUTOS = YES;
				GCC_WARN_UNUSED_FUNCTION = YES;
				GCC_WARN_UNUSED_VARIABLE = YES;
				IPHONEOS_DEPLOYMENT_TARGET = 7.0;
				ONLY_ACTIVE_ARCH = YES;
				SDKROOT = iphoneos;
			};
			name = Debug;
		};
		3F45480D188F4EBE00CB401E /* Release */ = {
			isa = XCBuildConfiguration;
			buildSettings = {
				ALWAYS_SEARCH_USER_PATHS = NO;
				ARCHS = "$(ARCHS_STANDARD_INCLUDING_64_BIT)";
				CLANG_CXX_LANGUAGE_STANDARD = "gnu++0x";
				CLANG_CXX_LIBRARY = "libc++";
				CLANG_ENABLE_MODULES = YES;
				CLANG_ENABLE_OBJC_ARC = YES;
				CLANG_WARN_BOOL_CONVERSION = YES;
				CLANG_WARN_CONSTANT_CONVERSION = YES;
				CLANG_WARN_DIRECT_OBJC_ISA_USAGE = YES_ERROR;
				CLANG_WARN_EMPTY_BODY = YES;
				CLANG_WARN_ENUM_CONVERSION = YES;
				CLANG_WARN_INT_CONVERSION = YES;
				CLANG_WARN_OBJC_ROOT_CLASS = YES_ERROR;
				CLANG_WARN__DUPLICATE_METHOD_MATCH = YES;
				"CODE_SIGN_IDENTITY[sdk=iphoneos*]" = "iPhone Developer";
				COPY_PHASE_STRIP = YES;
				ENABLE_NS_ASSERTIONS = NO;
				GCC_C_LANGUAGE_STANDARD = gnu99;
				GCC_WARN_64_TO_32_BIT_CONVERSION = YES;
				GCC_WARN_ABOUT_RETURN_TYPE = YES_ERROR;
				GCC_WARN_UNDECLARED_SELECTOR = YES;
				GCC_WARN_UNINITIALIZED_AUTOS = YES;
				GCC_WARN_UNUSED_FUNCTION = YES;
				GCC_WARN_UNUSED_VARIABLE = YES;
				IPHONEOS_DEPLOYMENT_TARGET = 7.0;
				SDKROOT = iphoneos;
				VALIDATE_PRODUCT = YES;
			};
			name = Release;
		};
		3F45480F188F4EBE00CB401E /* Debug */ = {
			isa = XCBuildConfiguration;
			buildSettings = {
				ASSETCATALOG_COMPILER_APPICON_NAME = AppIcon;
				ASSETCATALOG_COMPILER_LAUNCHIMAGE_NAME = LaunchImage;
				GCC_PRECOMPILE_PREFIX_HEADER = YES;
				GCC_PREFIX_HEADER = "Calculator/Calculator-Prefix.pch";
				INFOPLIST_FILE = "Calculator/Calculator-Info.plist";
				PRODUCT_NAME = "$(TARGET_NAME)";
				WRAPPER_EXTENSION = app;
			};
			name = Debug;
		};
		3F454810188F4EBE00CB401E /* Release */ = {
			isa = XCBuildConfiguration;
			buildSettings = {
				ASSETCATALOG_COMPILER_APPICON_NAME = AppIcon;
				ASSETCATALOG_COMPILER_LAUNCHIMAGE_NAME = LaunchImage;
				GCC_PRECOMPILE_PREFIX_HEADER = YES;
				GCC_PREFIX_HEADER = "Calculator/Calculator-Prefix.pch";
				INFOPLIST_FILE = "Calculator/Calculator-Info.plist";
				PRODUCT_NAME = "$(TARGET_NAME)";
				WRAPPER_EXTENSION = app;
			};
			name = Release;
		};
		3F454812188F4EBE00CB401E /* Debug */ = {
			isa = XCBuildConfiguration;
			buildSettings = {
				ARCHS = "$(ARCHS_STANDARD_INCLUDING_64_BIT)";
				BUNDLE_LOADER = "$(BUILT_PRODUCTS_DIR)/Calculator.app/Calculator";
				FRAMEWORK_SEARCH_PATHS = (
					"$(SDKROOT)/Developer/Library/Frameworks",
					"$(inherited)",
					"$(DEVELOPER_FRAMEWORKS_DIR)",
				);
				GCC_PRECOMPILE_PREFIX_HEADER = YES;
				GCC_PREFIX_HEADER = "Calculator/Calculator-Prefix.pch";
				GCC_PREPROCESSOR_DEFINITIONS = (
					"DEBUG=1",
					"$(inherited)",
				);
				INFOPLIST_FILE = "CalculatorTests/CalculatorTests-Info.plist";
				PRODUCT_NAME = "$(TARGET_NAME)";
				TEST_HOST = "$(BUNDLE_LOADER)";
				WRAPPER_EXTENSION = xctest;
			};
			name = Debug;
		};
		3F454813188F4EBE00CB401E /* Release */ = {
			isa = XCBuildConfiguration;
			buildSettings = {
				ARCHS = "$(ARCHS_STANDARD_INCLUDING_64_BIT)";
				BUNDLE_LOADER = "$(BUILT_PRODUCTS_DIR)/Calculator.app/Calculator";
				FRAMEWORK_SEARCH_PATHS = (
					"$(SDKROOT)/Developer/Library/Frameworks",
					"$(inherited)",
					"$(DEVELOPER_FRAMEWORKS_DIR)",
				);
				GCC_PRECOMPILE_PREFIX_HEADER = YES;
				GCC_PREFIX_HEADER = "Calculator/Calculator-Prefix.pch";
				INFOPLIST_FILE = "CalculatorTests/CalculatorTests-Info.plist";
				PRODUCT_NAME = "$(TARGET_NAME)";
				TEST_HOST = "$(BUNDLE_LOADER)";
				WRAPPER_EXTENSION = xctest;
			};
			name = Release;
		};
/* End XCBuildConfiguration section */

/* Begin XCConfigurationList section */
		3F4547D7188F4EBD00CB401E /* Build configuration list for PBXProject "Calculator" */ = {
			isa = XCConfigurationList;
			buildConfigurations = (
				3F45480C188F4EBE00CB401E /* Debug */,
				3F45480D188F4EBE00CB401E /* Release */,
			);
			defaultConfigurationIsVisible = 0;
			defaultConfigurationName = Release;
		};
		3F45480E188F4EBE00CB401E /* Build configuration list for PBXNativeTarget "Calculator" */ = {
			isa = XCConfigurationList;
			buildConfigurations = (
				3F45480F188F4EBE00CB401E /* Debug */,
				3F454810188F4EBE00CB401E /* Release */,
			);
			defaultConfigurationIsVisible = 0;
		};
		3F454811188F4EBE00CB401E /* Build configuration list for PBXNativeTarget "CalculatorTests" */ = {
			isa = XCConfigurationList;
			buildConfigurations = (
				3F454812188F4EBE00CB401E /* Debug */,
				3F454813188F4EBE00CB401E /* Release */,
			);
			defaultConfigurationIsVisible = 0;
		};
/* End XCConfigurationList section */
	};
	rootObject = 3F4547D4188F4EBD00CB401E /* Project object */;
}
